PODS:
  - LKAppBoxSDK (0.1.9):
    - SSZipArchive (~> 2.2.2)
  - SSZipArchive (2.2.2)

DEPENDENCIES:
  - LKAppBoxSDK (from `../`)

SPEC REPOS:
  trunk:
    - SSZipArchive

EXTERNAL SOURCES:
  LKAppBoxSDK:
    :path: "../"

SPEC CHECKSUMS:
  LKAppBoxSDK: 03262fdb049bb302be556f440c75cb410bb1a4c1
  SSZipArchive: fa16b8cc4cdeceb698e5e5d9f67e9558532fbf23

PODFILE CHECKSUM: 2e1d2f1088b85658a4085650f22dbed726d5ce3c

COCOAPODS: 1.9.1
